
Microsoft Visual Studio Solution File, Format Version 12.00
# Visual Studio Version 16
VisualStudioVersion = 16.6.30114.105
MinimumVisualStudioVersion = 10.0.40219.1
Project("{FAE04EC0-301F-11D3-BF4B-00C04F79EFBC}") = "Controllers", "Controllers\Controllers.csproj", "{C8B7C421-B089-4813-8709-000AEFFBAE92}"
EndProject
Project("{FAE04EC0-301F-11D3-BF4B-00C04F79EFBC}") = "Event Sample", "Event Sample\Event Sample.csproj", "{54BDB72A-6867-4F76-A628-3FF5C6093993}"
EndProject
Project("{FAE04EC0-301F-11D3-BF4B-00C04F79EFBC}") = "Read Sample", "Read Sample\Read Sample.csproj", "{47262537-9B8B-4492-8E95-8EFBFF1A4B73}"
EndProject
Project("{FAE04EC0-301F-11D3-BF4B-00C04F79EFBC}") = "Write Sample", "Write Sample\Write Sample.csproj", "{57CBEE3D-5DD6-40E6-9A95-4F6F30B14209}"
EndProject
Global
	GlobalSection(SolutionConfigurationPlatforms) = preSolution
		Debug|Any CPU = Debug|Any CPU
		Debug|x64 = Debug|x64
		Debug|x86 = Debug|x86
		Release|Any CPU = Release|Any CPU
		Release|x64 = Release|x64
		Release|x86 = Release|x86
	EndGlobalSection
	GlobalSection(SolutionProperties) = preSolution
		HideSolutionNode = FALSE
	EndGlobalSection
	GlobalSection(ProjectConfigurationPlatforms) = postSolution
		{C8B7C421-B089-4813-8709-000AEFFBAE92}.Debug|Any CPU.ActiveCfg = Debug|Any CPU
		{C8B7C421-B089-4813-8709-000AEFFBAE92}.Debug|Any CPU.Build.0 = Debug|Any CPU
		{C8B7C421-B089-4813-8709-000AEFFBAE92}.Debug|x64.ActiveCfg = Debug|Any CPU
		{C8B7C421-B089-4813-8709-000AEFFBAE92}.Debug|x64.Build.0 = Debug|Any CPU
		{C8B7C421-B089-4813-8709-000AEFFBAE92}.Debug|x86.ActiveCfg = Debug|Any CPU
		{C8B7C421-B089-4813-8709-000AEFFBAE92}.Debug|x86.Build.0 = Debug|Any CPU
		{C8B7C421-B089-4813-8709-000AEFFBAE92}.Release|Any CPU.ActiveCfg = Release|Any CPU
		{C8B7C421-B089-4813-8709-000AEFFBAE92}.Release|Any CPU.Build.0 = Release|Any CPU
		{C8B7C421-B089-4813-8709-000AEFFBAE92}.Release|x64.ActiveCfg = Release|Any CPU
		{C8B7C421-B089-4813-8709-000AEFFBAE92}.Release|x64.Build.0 = Release|Any CPU
		{C8B7C421-B089-4813-8709-000AEFFBAE92}.Release|x86.ActiveCfg = Release|Any CPU
		{C8B7C421-B089-4813-8709-000AEFFBAE92}.Release|x86.Build.0 = Release|Any CPU
		{54BDB72A-6867-4F76-A628-3FF5C6093993}.Debug|Any CPU.ActiveCfg = Debug|Any CPU
		{54BDB72A-6867-4F76-A628-3FF5C6093993}.Debug|Any CPU.Build.0 = Debug|Any CPU
		{54BDB72A-6867-4F76-A628-3FF5C6093993}.Debug|x64.ActiveCfg = Debug|Any CPU
		{54BDB72A-6867-4F76-A628-3FF5C6093993}.Debug|x64.Build.0 = Debug|Any CPU
		{54BDB72A-6867-4F76-A628-3FF5C6093993}.Debug|x86.ActiveCfg = Debug|Any CPU
		{54BDB72A-6867-4F76-A628-3FF5C6093993}.Debug|x86.Build.0 = Debug|Any CPU
		{54BDB72A-6867-4F76-A628-3FF5C6093993}.Release|Any CPU.ActiveCfg = Release|Any CPU
		{54BDB72A-6867-4F76-A628-3FF5C6093993}.Release|Any CPU.Build.0 = Release|Any CPU
		{54BDB72A-6867-4F76-A628-3FF5C6093993}.Release|x64.ActiveCfg = Release|Any CPU
		{54BDB72A-6867-4F76-A628-3FF5C6093993}.Release|x64.Build.0 = Release|Any CPU
		{54BDB72A-6867-4F76-A628-3FF5C6093993}.Release|x86.ActiveCfg = Release|Any CPU
		{54BDB72A-6867-4F76-A628-3FF5C6093993}.Release|x86.Build.0 = Release|Any CPU
		{47262537-9B8B-4492-8E95-8EFBFF1A4B73}.Debug|Any CPU.ActiveCfg = Debug|Any CPU
		{47262537-9B8B-4492-8E95-8EFBFF1A4B73}.Debug|Any CPU.Build.0 = Debug|Any CPU
		{47262537-9B8B-4492-8E95-8EFBFF1A4B73}.Debug|x64.ActiveCfg = Debug|Any CPU
		{47262537-9B8B-4492-8E95-8EFBFF1A4B73}.Debug|x64.Build.0 = Debug|Any CPU
		{47262537-9B8B-4492-8E95-8EFBFF1A4B73}.Debug|x86.ActiveCfg = Debug|Any CPU
		{47262537-9B8B-4492-8E95-8EFBFF1A4B73}.Debug|x86.Build.0 = Debug|Any CPU
		{47262537-9B8B-4492-8E95-8EFBFF1A4B73}.Release|Any CPU.ActiveCfg = Release|Any CPU
		{47262537-9B8B-4492-8E95-8EFBFF1A4B73}.Release|Any CPU.Build.0 = Release|Any CPU
		{47262537-9B8B-4492-8E95-8EFBFF1A4B73}.Release|x64.ActiveCfg = Release|Any CPU
		{47262537-9B8B-4492-8E95-8EFBFF1A4B73}.Release|x64.Build.0 = Release|Any CPU
		{47262537-9B8B-4492-8E95-8EFBFF1A4B73}.Release|x86.ActiveCfg = Release|Any CPU
		{47262537-9B8B-4492-8E95-8EFBFF1A4B73}.Release|x86.Build.0 = Release|Any CPU
		{57CBEE3D-5DD6-40E6-9A95-4F6F30B14209}.Debug|Any CPU.ActiveCfg = Debug|Any CPU
		{57CBEE3D-5DD6-40E6-9A95-4F6F30B14209}.Debug|Any CPU.Build.0 = Debug|Any CPU
		{57CBEE3D-5DD6-40E6-9A95-4F6F30B14209}.Debug|x64.ActiveCfg = Debug|Any CPU
		{57CBEE3D-5DD6-40E6-9A95-4F6F30B14209}.Debug|x64.Build.0 = Debug|Any CPU
		{57CBEE3D-5DD6-40E6-9A95-4F6F30B14209}.Debug|x86.ActiveCfg = Debug|Any CPU
		{57CBEE3D-5DD6-40E6-9A95-4F6F30B14209}.Debug|x86.Build.0 = Debug|Any CPU
		{57CBEE3D-5DD6-40E6-9A95-4F6F30B14209}.Release|Any CPU.ActiveCfg = Release|Any CPU
		{57CBEE3D-5DD6-40E6-9A95-4F6F30B14209}.Release|Any CPU.Build.0 = Release|Any CPU
		{57CBEE3D-5DD6-40E6-9A95-4F6F30B14209}.Release|x64.ActiveCfg = Release|Any CPU
		{57CBEE3D-5DD6-40E6-9A95-4F6F30B14209}.Release|x64.Build.0 = Release|Any CPU
		{57CBEE3D-5DD6-40E6-9A95-4F6F30B14209}.Release|x86.ActiveCfg = Release|Any CPU
		{57CBEE3D-5DD6-40E6-9A95-4F6F30B14209}.Release|x86.Build.0 = Release|Any CPU
	EndGlobalSection
EndGlobal
